hash: 0dc6400a8773dee6e2bcdd5471bee6af8ccf9c09b6373ed3db9df51f868f9993
updated: 2018-06-11T09:08:09.987926026+02:00
imports:
- name: github.com/go-sql-driver/mysql
  version: d523deb1b23d913de5bdada721a6071e71283618
- name: github.com/lib/pq
  version: 90697d60dd844d5ef6ff15135d0203f65d2f53b8
  subpackages:
  - oid
- name: github.com/mattn/go-runewidth
  version: ce7b0b5c7b45a81508558cd1dba6bb1e4ddb51bb
- name: github.com/mattn/go-sqlite3
  version: 4218441e44e93e64bc8ed054741a2c33988500b5
- name: github.com/olekukonko/tablewriter
  version: d4647c9c7a84d847478d890b816b7d8b62b0b279
- name: golang.org/x/crypto
  version: c3a3ad6d03f7a915c0f7e194b7152974bb73d287
  subpackages:
  - ssh/terminal
- name: golang.org/x/sys
  version: d8e400bc7db4870d786864138af681469693d18c
  subpackages:
  - unix
  - windows
- name: google.golang.org/appengine
  version: b1f26356af11148e710935ed1ac8a7f5702c7612
  subpackages:
  - cloudsql
testImports: []
